
Microsoft Visual Studio Solution File, Format Version 12.00
# Visual Studio Version 16
VisualStudioVersion = 16.0.31019.35
MinimumVisualStudioVersion = 10.0.40219.1
Project("{FAE04EC0-301F-11D3-BF4B-00C04F79EFBC}") = "HydraSquito", "HydraSquito\HydraSquito.csproj", "{11861DAD-6288-4C83-8CD8-A8824411726E}"
EndProject
Global
	GlobalSection(SolutionConfigurationPlatforms) = preSolution
		Debug|Any CPU = Debug|Any CPU
		Release|Any CPU = Release|Any CPU
	EndGlobalSection
	GlobalSection(ProjectConfigurationPlatforms) = postSolution
		{11861DAD-6288-4C83-8CD8-A8824411726E}.Debug|Any CPU.ActiveCfg = Debug|Any CPU
		{11861DAD-6288-4C83-8CD8-A8824411726E}.Debug|Any CPU.Build.0 = Debug|Any CPU
		{11861DAD-6288-4C83-8CD8-A8824411726E}.Release|Any CPU.ActiveCfg = Release|Any CPU
		{11861DAD-6288-4C83-8CD8-A8824411726E}.Release|Any CPU.Build.0 = Release|Any CPU
	EndGlobalSection
	GlobalSection(SolutionProperties) = preSolution
		HideSolutionNode = FALSE
	EndGlobalSection
	GlobalSection(ExtensibilityGlobals) = postSolution
		SolutionGuid = {A5FDADC3-00D4-439C-BC13-2E2BA13BF4A6}
	EndGlobalSection
EndGlobal
